
Microsoft Visual Studio Solution File, Format Version 12.00
# Visual Studio 15
VisualStudioVersion = 15.0.28010.2050
MinimumVisualStudioVersion = 10.0.40219.1
Project("{9A19103F-16F7-4668-BE54-9A1E7A4F7556}") = "WebLibrary", "src\WebLibrary\WebLibrary.csproj", "{CFCEA7D5-22F5-4B0E-A43D-45B67138DEAA}"
	ProjectSection(ProjectDependencies) = postProject
		{30158C42-3E8C-4F4E-A45B-F09CC333CE98} = {30158C42-3E8C-4F4E-A45B-F09CC333CE98}
	EndProjectSection
EndProject
Project("{FAE04EC0-301F-11D3-BF4B-00C04F79EFBC}") = "Model", "src\Model\Model.csproj", "{30158C42-3E8C-4F4E-A45B-F09CC333CE98}"
EndProject
Project("{FAE04EC0-301F-11D3-BF4B-00C04F79EFBC}") = "Model.Test", "src\Model.Test\Model.Test.csproj", "{5F262AFB-A49E-4FDB-AE87-8908343E232E}"
EndProject
Global
	GlobalSection(SolutionConfigurationPlatforms) = preSolution
		Debug|Any CPU = Debug|Any CPU
		Release|Any CPU = Release|Any CPU
	EndGlobalSection
	GlobalSection(ProjectConfigurationPlatforms) = postSolution
		{CFCEA7D5-22F5-4B0E-A43D-45B67138DEAA}.Debug|Any CPU.ActiveCfg = Debug|Any CPU
		{CFCEA7D5-22F5-4B0E-A43D-45B67138DEAA}.Debug|Any CPU.Build.0 = Debug|Any CPU
		{CFCEA7D5-22F5-4B0E-A43D-45B67138DEAA}.Release|Any CPU.ActiveCfg = Release|Any CPU
		{CFCEA7D5-22F5-4B0E-A43D-45B67138DEAA}.Release|Any CPU.Build.0 = Release|Any CPU
		{30158C42-3E8C-4F4E-A45B-F09CC333CE98}.Debug|Any CPU.ActiveCfg = Debug|Any CPU
		{30158C42-3E8C-4F4E-A45B-F09CC333CE98}.Debug|Any CPU.Build.0 = Debug|Any CPU
		{30158C42-3E8C-4F4E-A45B-F09CC333CE98}.Release|Any CPU.ActiveCfg = Release|Any CPU
		{30158C42-3E8C-4F4E-A45B-F09CC333CE98}.Release|Any CPU.Build.0 = Release|Any CPU
		{5F262AFB-A49E-4FDB-AE87-8908343E232E}.Debug|Any CPU.ActiveCfg = Debug|Any CPU
		{5F262AFB-A49E-4FDB-AE87-8908343E232E}.Debug|Any CPU.Build.0 = Debug|Any CPU
		{5F262AFB-A49E-4FDB-AE87-8908343E232E}.Release|Any CPU.ActiveCfg = Release|Any CPU
		{5F262AFB-A49E-4FDB-AE87-8908343E232E}.Release|Any CPU.Build.0 = Release|Any CPU
	EndGlobalSection
	GlobalSection(SolutionProperties) = preSolution
		HideSolutionNode = FALSE
	EndGlobalSection
	GlobalSection(ExtensibilityGlobals) = postSolution
		SolutionGuid = {8D487E29-2BB2-4235-874B-537607D53201}
	EndGlobalSection
EndGlobal
