
Microsoft Visual Studio Solution File, Format Version 12.00
# Visual Studio 15
VisualStudioVersion = 15.0.28010.2050
MinimumVisualStudioVersion = 10.0.40219.1
Project("{FAE04EC0-301F-11D3-BF4B-00C04F79EFBC}") = "HuntingSpots", "HuntingSpots.csproj", "{800E0D81-33F0-456B-9333-FBB44B5D027B}"
EndProject
Global
	GlobalSection(SolutionConfigurationPlatforms) = preSolution
		Debug|Any CPU = Debug|Any CPU
		Release|Any CPU = Release|Any CPU
	EndGlobalSection
	GlobalSection(ProjectConfigurationPlatforms) = postSolution
		{800E0D81-33F0-456B-9333-FBB44B5D027B}.Debug|Any CPU.ActiveCfg = Debug|Any CPU
		{800E0D81-33F0-456B-9333-FBB44B5D027B}.Debug|Any CPU.Build.0 = Debug|Any CPU
		{800E0D81-33F0-456B-9333-FBB44B5D027B}.Release|Any CPU.ActiveCfg = Release|Any CPU
		{800E0D81-33F0-456B-9333-FBB44B5D027B}.Release|Any CPU.Build.0 = Release|Any CPU
	EndGlobalSection
	GlobalSection(SolutionProperties) = preSolution
		HideSolutionNode = FALSE
	EndGlobalSection
	GlobalSection(ExtensibilityGlobals) = postSolution
		SolutionGuid = {8D487E29-2BB2-4235-874B-537607D53201}
	EndGlobalSection
EndGlobal
